
Microsoft Visual Studio Solution File, Format Version 12.00
# Visual Studio 15
VisualStudioVersion = 15.0.26430.14
MinimumVisualStudioVersion = 10.0.40219.1
Project("{8BC9CEB8-8B4A-11D0-8D11-00A0C91BC942}") = "Playground", "Playground\Playground.vcxproj", "{CC7FD9B3-1F3D-4CA2-95AB-71BE343B76D9}"
	ProjectSection(ProjectDependencies) = postProject
		{38E5074B-BC65-44DA-9228-43926B56BACA} = {38E5074B-BC65-44DA-9228-43926B56BACA}
	EndProjectSection
EndProject
Project("{8BC9CEB8-8B4A-11D0-8D11-00A0C91BC942}") = "Foundation", "Dependencies\Foundation\Foundation\Foundation.vcxproj", "{38E5074B-BC65-44DA-9228-43926B56BACA}"
EndProject
Global
	GlobalSection(SolutionConfigurationPlatforms) = preSolution
		Debug|x64 = Debug|x64
		Release|x64 = Release|x64
	EndGlobalSection
	GlobalSection(ProjectConfigurationPlatforms) = postSolution
		{CC7FD9B3-1F3D-4CA2-95AB-71BE343B76D9}.Debug|x64.ActiveCfg = Debug|x64
		{CC7FD9B3-1F3D-4CA2-95AB-71BE343B76D9}.Debug|x64.Build.0 = Debug|x64
		{CC7FD9B3-1F3D-4CA2-95AB-71BE343B76D9}.Release|x64.ActiveCfg = Release|x64
		{CC7FD9B3-1F3D-4CA2-95AB-71BE343B76D9}.Release|x64.Build.0 = Release|x64
		{38E5074B-BC65-44DA-9228-43926B56BACA}.Debug|x64.ActiveCfg = Debug|x64
		{38E5074B-BC65-44DA-9228-43926B56BACA}.Debug|x64.Build.0 = Debug|x64
		{38E5074B-BC65-44DA-9228-43926B56BACA}.Release|x64.ActiveCfg = Release|x64
		{38E5074B-BC65-44DA-9228-43926B56BACA}.Release|x64.Build.0 = Release|x64
	EndGlobalSection
	GlobalSection(SolutionProperties) = preSolution
		HideSolutionNode = FALSE
	EndGlobalSection
EndGlobal
